// !$*UTF8*$!
{
	archiveVersion = 1;
	classes = {
	};
	objectVersion = 46;
	objects = {

/* Begin PBXBuildFile section */
		0F483A6A1643E2FD003CAF09 /* UIKit.framework in Frameworks */ = {isa = PBXBuildFile; fileRef = 0F483A691643E2FD003CAF09 /* UIKit.framework */; };
		0F483A6C1643E2FD003CAF09 /* Foundation.framework in Frameworks */ = {isa = PBXBuildFile; fileRef = 0F483A6B1643E2FD003CAF09 /* Foundation.framework */; };
		0F483A6E1643E2FD003CAF09 /* CoreGraphics.framework in Frameworks */ = {isa = PBXBuildFile; fileRef = 0F483A6D1643E2FD003CAF09 /* CoreGraphics.framework */; };
		0F483A741643E2FD003CAF09 /* InfoPlist.strings in Resources */ = {isa = PBXBuildFile; fileRef = 0F483A721643E2FD003CAF09 /* InfoPlist.strings */; };
		0F483A761643E2FD003CAF09 /* main.m in Sources */ = {isa = PBXBuildFile; fileRef = 0F483A751643E2FD003CAF09 /* main.m */; };
		0F483A7A1643E2FD003CAF09 /* AppDelegate.m in Sources */ = {isa = PBXBuildFile; fileRef = 0F483A791643E2FD003CAF09 /* AppDelegate.m */; };
		0F483A7C1643E2FD003CAF09 /* Default.png in Resources */ = {isa = PBXBuildFile; fileRef = 0F483A7B1643E2FD003CAF09 /* Default.png */; };
		0F483A7E1643E2FD003CAF09 /* Default@2x.png in Resources */ = {isa = PBXBuildFile; fileRef = 0F483A7D1643E2FD003CAF09 /* Default@2x.png */; };
		0F483A801643E2FD003CAF09 /* Default-568h@2x.png in Resources */ = {isa = PBXBuildFile; fileRef = 0F483A7F1643E2FD003CAF09 /* Default-568h@2x.png */; };
		0F483A831643E2FD003CAF09 /* MainStoryboard.storyboard in Resources */ = {isa = PBXBuildFile; fileRef = 0F483A811643E2FD003CAF09 /* MainStoryboard.storyboard */; };
		0F483A861643E2FD003CAF09 /* ViewController.m in Sources */ = {isa = PBXBuildFile; fileRef = 0F483A851643E2FD003CAF09 /* ViewController.m */; };
		0F483A8F1643E360003CAF09 /* IZValueSelectorView.m in Sources */ = {isa = PBXBuildFile; fileRef = 0F483A8E1643E360003CAF09 /* IZValueSelectorView.m */; };
		0F483A9616440F1D003CAF09 /* selectorRect.png in Resources */ = {isa = PBXBuildFile; fileRef = 0F483A9416440F1C003CAF09 /* selectorRect.png */; };
		0F483A9716440F1D003CAF09 /* selectorRect@2x.png in Resources */ = {isa = PBXBuildFile; fileRef = 0F483A9516440F1C003CAF09 /* selectorRect@2x.png */; };
		0FFF8E7D16525F6600E2AC75 /* QuartzCore.framework in Frameworks */ = {isa = PBXBuildFile; fileRef = 0FFF8E7C16525F6600E2AC75 /* QuartzCore.framework */; };
/* End PBXBuildFile section */

/* Begin PBXFileReference section */
		0F483A651643E2FD003CAF09 /* IZValueSelector.app */ = {isa = PBXFileReference; explicitFileType = wrapper.application; includeInIndex = 0; path = IZValueSelector.app; sourceTree = BUILT_PRODUCTS_DIR; };
		0F483A691643E2FD003CAF09 /* UIKit.framework */ = {isa = PBXFileReference; lastKnownFileType = wrapper.framework; name = UIKit.framework; path = System/Library/Frameworks/UIKit.framework; sourceTree = SDKROOT; };
		0F483A6B1643E2FD003CAF09 /* Foundation.framework */ = {isa = PBXFileReference; lastKnownFileType = wrapper.framework; name = Foundation.framework; path = System/Library/Frameworks/Foundation.framework; sourceTree = SDKROOT; };
		0F483A6D1643E2FD003CAF09 /* CoreGraphics.framework */ = {isa = PBXFileReference; lastKnownFileType = wrapper.framework; name = CoreGraphics.framework; path = System/Library/Frameworks/CoreGraphics.framework; sourceTree = SDKROOT; };
		0F483A711643E2FD003CAF09 /* IZValueSelector-Info.plist */ = {isa = PBXFileReference; lastKnownFileType = text.plist.xml; path = "IZValueSelector-Info.plist"; sourceTree = "<group>"; };
		0F483A731643E2FD003CAF09 /* en */ = {isa = PBXFileReference; lastKnownFileType = text.plist.strings; name = en; path = en.lproj/InfoPlist.strings; sourceTree = "<group>"; };
		0F483A751643E2FD003CAF09 /* main.m */ = {isa = PBXFileReference; lastKnownFileType = sourcecode.c.objc; path = main.m; sourceTree = "<group>"; };
		0F483A771643E2FD003CAF09 /* IZValueSelector-Prefix.pch */ = {isa = PBXFileReference; lastKnownFileType = sourcecode.c.h; path = "IZValueSelector-Prefix.pch"; sourceTree = "<group>"; };
		0F483A781643E2FD003CAF09 /* AppDelegate.h */ = {isa = PBXFileReference; lastKnownFileType = sourcecode.c.h; path = AppDelegate.h; sourceTree = "<group>"; };
		0F483A791643E2FD003CAF09 /* AppDelegate.m */ = {isa = PBXFileReference; lastKnownFileType = sourcecode.c.objc; path = AppDelegate.m; sourceTree = "<group>"; };
		0F483A7B1643E2FD003CAF09 /* Default.png */ = {isa = PBXFileReference; lastKnownFileType = image.png; path = Default.png; sourceTree = "<group>"; };
		0F483A7D1643E2FD003CAF09 /* Default@2x.png */ = {isa = PBXFileReference; lastKnownFileType = image.png; path = "Default@2x.png"; sourceTree = "<group>"; };
		0F483A7F1643E2FD003CAF09 /* Default-568h@2x.png */ = {isa = PBXFileReference; lastKnownFileType = image.png; path = "Default-568h@2x.png"; sourceTree = "<group>"; };
		0F483A821643E2FD003CAF09 /* en */ = {isa = PBXFileReference; lastKnownFileType = file.storyboard; name = en; path = en.lproj/MainStoryboard.storyboard; sourceTree = "<group>"; };
		0F483A841643E2FD003CAF09 /* ViewController.h */ = {isa = PBXFileReference; lastKnownFileType = sourcecode.c.h; path = ViewController.h; sourceTree = "<group>"; };
		0F483A851643E2FD003CAF09 /* ViewController.m */ = {isa = PBXFileReference; lastKnownFileType = sourcecode.c.objc; path = ViewController.m; sourceTree = "<group>"; };
		0F483A8D1643E360003CAF09 /* IZValueSelectorView.h */ = {isa = PBXFileReference; fileEncoding = 4; lastKnownFileType = sourcecode.c.h; name = IZValueSelectorView.h; path = Lib/IZValueSelectorView.h; sourceTree = "<group>"; };
		0F483A8E1643E360003CAF09 /* IZValueSelectorView.m */ = {isa = PBXFileReference; fileEncoding = 4; lastKnownFileType = sourcecode.c.objc; name = IZValueSelectorView.m; path = Lib/IZValueSelectorView.m; sourceTree = "<group>"; };
		0F483A9416440F1C003CAF09 /* selectorRect.png */ = {isa = PBXFileReference; lastKnownFileType = image.png; path = selectorRect.png; sourceTree = "<group>"; };
		0F483A9516440F1C003CAF09 /* selectorRect@2x.png */ = {isa = PBXFileReference; lastKnownFileType = image.png; path = "selectorRect@2x.png"; sourceTree = "<group>"; };
		0FFF8E7C16525F6600E2AC75 /* QuartzCore.framework */ = {isa = PBXFileReference; lastKnownFileType = wrapper.framework; name = QuartzCore.framework; path = System/Library/Frameworks/QuartzCore.framework; sourceTree = SDKROOT; };
/* End PBXFileReference section */

/* Begin PBXFrameworksBuildPhase section */
		0F483A621643E2FD003CAF09 /* Frameworks */ = {
			isa = PBXFrameworksBuildPhase;
			buildActionMask = 2147483647;
			files = (
				0FFF8E7D16525F6600E2AC75 /* QuartzCore.framework in Frameworks */,
				0F483A6A1643E2FD003CAF09 /* UIKit.framework in Frameworks */,
				0F483A6C1643E2FD003CAF09 /* Foundation.framework in Frameworks */,
				0F483A6E1643E2FD003CAF09 /* CoreGraphics.framework in Frameworks */,
			);
			runOnlyForDeploymentPostprocessing = 0;
		};
/* End PBXFrameworksBuildPhase section */

/* Begin PBXGroup section */
		0F483A5A1643E2FD003CAF09 = {
			isa = PBXGroup;
			children = (
				0F483A6F1643E2FD003CAF09 /* IZValueSelector */,
				0F483A681643E2FD003CAF09 /* Frameworks */,
				0F483A661643E2FD003CAF09 /* Products */,
			);
			sourceTree = "<group>";
		};
		0F483A661643E2FD003CAF09 /* Products */ = {
			isa = PBXGroup;
			children = (
				0F483A651643E2FD003CAF09 /* IZValueSelector.app */,
			);
			name = Products;
			sourceTree = "<group>";
		};
		0F483A681643E2FD003CAF09 /* Frameworks */ = {
			isa = PBXGroup;
			children = (
				0FFF8E7C16525F6600E2AC75 /* QuartzCore.framework */,
				0F483A691643E2FD003CAF09 /* UIKit.framework */,
				0F483A6B1643E2FD003CAF09 /* Foundation.framework */,
				0F483A6D1643E2FD003CAF09 /* CoreGraphics.framework */,
			);
			name = Frameworks;
			sourceTree = "<group>";
		};
		0F483A6F1643E2FD003CAF09 /* IZValueSelector */ = {
			isa = PBXGroup;
			children = (
				0F483A8C1643E31A003CAF09 /* Lib */,
				0F483A781643E2FD003CAF09 /* AppDelegate.h */,
				0F483A791643E2FD003CAF09 /* AppDelegate.m */,
				0F483A811643E2FD003CAF09 /* MainStoryboard.storyboard */,
				0F483A841643E2FD003CAF09 /* ViewController.h */,
				0F483A851643E2FD003CAF09 /* ViewController.m */,
				0F483A9416440F1C003CAF09 /* selectorRect.png */,
				0F483A9516440F1C003CAF09 /* selectorRect@2x.png */,
				0F483A701643E2FD003CAF09 /* Supporting Files */,
			);
			path = IZValueSelector;
			sourceTree = "<group>";
		};
		0F483A701643E2FD003CAF09 /* Supporting Files */ = {
			isa = PBXGroup;
			children = (
				0F483A711643E2FD003CAF09 /* IZValueSelector-Info.plist */,
				0F483A721643E2FD003CAF09 /* InfoPlist.strings */,
				0F483A751643E2FD003CAF09 /* main.m */,
				0F483A771643E2FD003CAF09 /* IZValueSelector-Prefix.pch */,
				0F483A7B1643E2FD003CAF09 /* Default.png */,
				0F483A7D1643E2FD003CAF09 /* Default@2x.png */,
				0F483A7F1643E2FD003CAF09 /* Default-568h@2x.png */,
			);
			name = "Supporting Files";
			sourceTree = "<group>";
		};
		0F483A8C1643E31A003CAF09 /* Lib */ = {
			isa = PBXGroup;
			children = (
				0F483A8D1643E360003CAF09 /* IZValueSelectorView.h */,
				0F483A8E1643E360003CAF09 /* IZValueSelectorView.m */,
			);
			name = Lib;
			sourceTree = "<group>";
		};
/* End PBXGroup section */

/* Begin PBXNativeTarget section */
		0F483A641643E2FD003CAF09 /* IZValueSelector */ = {
			isa = PBXNativeTarget;
			buildConfigurationList = 0F483A891643E2FD003CAF09 /* Build configuration list for PBXNativeTarget "IZValueSelector" */;
			buildPhases = (
				0F483A611643E2FD003CAF09 /* Sources */,
				0F483A621643E2FD003CAF09 /* Frameworks */,
				0F483A631643E2FD003CAF09 /* Resources */,
			);
			buildRules = (
			);
			dependencies = (
			);
			name = IZValueSelector;
			productName = IZValueSelector;
			productReference = 0F483A651643E2FD003CAF09 /* IZValueSelector.app */;
			productType = "com.apple.product-type.application";
		};
/* End PBXNativeTarget section */

/* Begin PBXProject section */
		0F483A5C1643E2FD003CAF09 /* Project object */ = {
			isa = PBXProject;
			attributes = {
				LastUpgradeCheck = 0450;
				ORGANIZATIONNAME = "Iman Zarrabian";
			};
			buildConfigurationList = 0F483A5F1643E2FD003CAF09 /* Build configuration list for PBXProject "IZValueSelector" */;
			compatibilityVersion = "Xcode 3.2";
			developmentRegion = English;
			hasScannedForEncodings = 0;
			knownRegions = (
				en,
			);
			mainGroup = 0F483A5A1643E2FD003CAF09;
			productRefGroup = 0F483A661643E2FD003CAF09 /* Products */;
			projectDirPath = "";
			projectRoot = "";
			targets = (
				0F483A641643E2FD003CAF09 /* IZValueSelector */,
			);
		};
/* End PBXProject section */

/* Begin PBXResourcesBuildPhase section */
		0F483A631643E2FD003CAF09 /* Resources */ = {
			isa = PBXResourcesBuildPhase;
			buildActionMask = 2147483647;
			files = (
				0F483A741643E2FD003CAF09 /* InfoPlist.strings in Resources */,
				0F483A7C1643E2FD003CAF09 /* Default.png in Resources */,
				0F483A7E1643E2FD003CAF09 /* Default@2x.png in Resources */,
				0F483A801643E2FD003CAF09 /* Default-568h@2x.png in Resources */,
				0F483A831643E2FD003CAF09 /* MainStoryboard.storyboard in Resources */,
				0F483A9616440F1D003CAF09 /* selectorRect.png in Resources */,
				0F483A9716440F1D003CAF09 /* selectorRect@2x.png in Resources */,
			);
			runOnlyForDeploymentPostprocessing = 0;
		};
/* End PBXResourcesBuildPhase section */

/* Begin PBXSourcesBuildPhase section */
		0F483A611643E2FD003CAF09 /* Sources */ = {
			isa = PBXSourcesBuildPhase;
			buildActionMask = 2147483647;
			files = (
				0F483A761643E2FD003CAF09 /* main.m in Sources */,
				0F483A7A1643E2FD003CAF09 /* AppDelegate.m in Sources */,
				0F483A861643E2FD003CAF09 /* ViewController.m in Sources */,
				0F483A8F1643E360003CAF09 /* IZValueSelectorView.m in Sources */,
			);
			runOnlyForDeploymentPostprocessing = 0;
		};
/* End PBXSourcesBuildPhase section */

/* Begin PBXVariantGroup section */
		0F483A721643E2FD003CAF09 /* InfoPlist.strings */ = {
			isa = PBXVariantGroup;
			children = (
				0F483A731643E2FD003CAF09 /* en */,
			);
			name = InfoPlist.strings;
			sourceTree = "<group>";
		};
		0F483A811643E2FD003CAF09 /* MainStoryboard.storyboard */ = {
			isa = PBXVariantGroup;
			children = (
				0F483A821643E2FD003CAF09 /* en */,
			);
			name = MainStoryboard.storyboard;
			sourceTree = "<group>";
		};
/* End PBXVariantGroup section */

/* Begin XCBuildConfiguration section */
		0F483A871643E2FD003CAF09 /* Debug */ = {
			isa = XCBuildConfiguration;
			buildSettings = {
				ALWAYS_SEARCH_USER_PATHS = NO;
				CLANG_CXX_LANGUAGE_STANDARD = "gnu++0x";
				CLANG_CXX_LIBRARY = "libc++";
				CLANG_ENABLE_OBJC_ARC = YES;
				CLANG_WARN_EMPTY_BODY = YES;
				CLANG_WARN__DUPLICATE_METHOD_MATCH = YES;
				"CODE_SIGN_IDENTITY[sdk=iphoneos*]" = "iPhone Developer";
				COPY_PHASE_STRIP = NO;
				GCC_C_LANGUAGE_STANDARD = gnu99;
				GCC_DYNAMIC_NO_PIC = NO;
				GCC_OPTIMIZATION_LEVEL = 0;
				GCC_PREPROCESSOR_DEFINITIONS = (
					"DEBUG=1",
					"$(inherited)",
				);
				GCC_SYMBOLS_PRIVATE_EXTERN = NO;
				GCC_WARN_ABOUT_RETURN_TYPE = YES;
				GCC_WARN_UNINITIALIZED_AUTOS = YES;
				GCC_WARN_UNUSED_VARIABLE = YES;
				IPHONEOS_DEPLOYMENT_TARGET = 5.1;
				ONLY_ACTIVE_ARCH = YES;
				SDKROOT = iphoneos;
			};
			name = Debug;
		};
		0F483A881643E2FD003CAF09 /* Release */ = {
			isa = XCBuildConfiguration;
			buildSettings = {
				ALWAYS_SEARCH_USER_PATHS = NO;
				CLANG_CXX_LANGUAGE_STANDARD = "gnu++0x";
				CLANG_CXX_LIBRARY = "libc++";
				CLANG_ENABLE_OBJC_ARC = YES;
				CLANG_WARN_EMPTY_BODY = YES;
				CLANG_WARN__DUPLICATE_METHOD_MATCH = YES;
				"CODE_SIGN_IDENTITY[sdk=iphoneos*]" = "iPhone Developer";
				COPY_PHASE_STRIP = YES;
				GCC_C_LANGUAGE_STANDARD = gnu99;
				GCC_WARN_ABOUT_RETURN_TYPE = YES;
				GCC_WARN_UNINITIALIZED_AUTOS = YES;
				GCC_WARN_UNUSED_VARIABLE = YES;
				IPHONEOS_DEPLOYMENT_TARGET = 5.1;
				OTHER_CFLAGS = "-DNS_BLOCK_ASSERTIONS=1";
				SDKROOT = iphoneos;
				VALIDATE_PRODUCT = YES;
			};
			name = Release;
		};
		0F483A8A1643E2FD003CAF09 /* Debug */ = {
			isa = XCBuildConfiguration;
			buildSettings = {
				GCC_PRECOMPILE_PREFIX_HEADER = YES;
				GCC_PREFIX_HEADER = "IZValueSelector/IZValueSelector-Prefix.pch";
				INFOPLIST_FILE = "IZValueSelector/IZValueSelector-Info.plist";
				IPHONEOS_DEPLOYMENT_TARGET = 5.1;
				PRODUCT_NAME = "$(TARGET_NAME)";
				WRAPPER_EXTENSION = app;
			};
			name = Debug;
		};
		0F483A8B1643E2FD003CAF09 /* Release */ = {
			isa = XCBuildConfiguration;
			buildSettings = {
				GCC_PRECOMPILE_PREFIX_HEADER = YES;
				GCC_PREFIX_HEADER = "IZValueSelector/IZValueSelector-Prefix.pch";
				INFOPLIST_FILE = "IZValueSelector/IZValueSelector-Info.plist";
				IPHONEOS_DEPLOYMENT_TARGET = 5.1;
				PRODUCT_NAME = "$(TARGET_NAME)";
				WRAPPER_EXTENSION = app;
			};
			name = Release;
		};
/* End XCBuildConfiguration section */

/* Begin XCConfigurationList section */
		0F483A5F1643E2FD003CAF09 /* Build configuration list for PBXProject "IZValueSelector" */ = {
			isa = XCConfigurationList;
			buildConfigurations = (
				0F483A871643E2FD003CAF09 /* Debug */,
				0F483A881643E2FD003CAF09 /* Release */,
			);
			defaultConfigurationIsVisible = 0;
			defaultConfigurationName = Release;
		};
		0F483A891643E2FD003CAF09 /* Build configuration list for PBXNativeTarget "IZValueSelector" */ = {
			isa = XCConfigurationList;
			buildConfigurations = (
				0F483A8A1643E2FD003CAF09 /* Debug */,
				0F483A8B1643E2FD003CAF09 /* Release */,
			);
			defaultConfigurationIsVisible = 0;
			defaultConfigurationName = Release;
		};
/* End XCConfigurationList section */
	};
	rootObject = 0F483A5C1643E2FD003CAF09 /* Project object */;
}
